
Microsoft Visual Studio Solution File, Format Version 12.00
# Visual Studio Version 17
VisualStudioVersion = 17.8.34330.188
MinimumVisualStudioVersion = 10.0.40219.1
Project("{9A19103F-16F7-4668-BE54-9A1E7A4F7556}") = "AIWebSite", "AIWebSite\AIWebSite.csproj", "{54566945-BD78-4ACD-8C54-8C455BC13151}"
EndProject
Project("{9A19103F-16F7-4668-BE54-9A1E7A4F7556}") = "MLModel_WebApi", "MLModel_WebApi\MLModel_WebApi.csproj", "{FBBED31C-248F-4EBE-957B-7AEB82A712AF}"
EndProject
Project("{9A19103F-16F7-4668-BE54-9A1E7A4F7556}") = "MLModel_ConsoleApp", "MLModel_ConsoleApp\MLModel_ConsoleApp.csproj", "{59166E9F-6713-4A3C-A0EF-AF0855FB7EE7}"
EndProject
Project("{FAE04EC0-301F-11D3-BF4B-00C04F79EFBC}") = "AIMobileApp", "AIMobileApp\AIMobileApp.csproj", "{A9C3D21A-A8F4-4A45-975F-7CC77FACF146}"
EndProject
Global
	GlobalSection(SolutionConfigurationPlatforms) = preSolution
		Debug|Any CPU = Debug|Any CPU
		Release|Any CPU = Release|Any CPU
	EndGlobalSection
	GlobalSection(ProjectConfigurationPlatforms) = postSolution
		{54566945-BD78-4ACD-8C54-8C455BC13151}.Debug|Any CPU.ActiveCfg = Debug|Any CPU
		{54566945-BD78-4ACD-8C54-8C455BC13151}.Debug|Any CPU.Build.0 = Debug|Any CPU
		{54566945-BD78-4ACD-8C54-8C455BC13151}.Release|Any CPU.ActiveCfg = Release|Any CPU
		{54566945-BD78-4ACD-8C54-8C455BC13151}.Release|Any CPU.Build.0 = Release|Any CPU
		{FBBED31C-248F-4EBE-957B-7AEB82A712AF}.Debug|Any CPU.ActiveCfg = Debug|Any CPU
		{FBBED31C-248F-4EBE-957B-7AEB82A712AF}.Debug|Any CPU.Build.0 = Debug|Any CPU
		{FBBED31C-248F-4EBE-957B-7AEB82A712AF}.Release|Any CPU.ActiveCfg = Release|Any CPU
		{FBBED31C-248F-4EBE-957B-7AEB82A712AF}.Release|Any CPU.Build.0 = Release|Any CPU
		{59166E9F-6713-4A3C-A0EF-AF0855FB7EE7}.Debug|Any CPU.ActiveCfg = Debug|Any CPU
		{59166E9F-6713-4A3C-A0EF-AF0855FB7EE7}.Debug|Any CPU.Build.0 = Debug|Any CPU
		{59166E9F-6713-4A3C-A0EF-AF0855FB7EE7}.Release|Any CPU.ActiveCfg = Release|Any CPU
		{59166E9F-6713-4A3C-A0EF-AF0855FB7EE7}.Release|Any CPU.Build.0 = Release|Any CPU
		{A9C3D21A-A8F4-4A45-975F-7CC77FACF146}.Debug|Any CPU.ActiveCfg = Debug|Any CPU
		{A9C3D21A-A8F4-4A45-975F-7CC77FACF146}.Debug|Any CPU.Build.0 = Debug|Any CPU
		{A9C3D21A-A8F4-4A45-975F-7CC77FACF146}.Debug|Any CPU.Deploy.0 = Debug|Any CPU
		{A9C3D21A-A8F4-4A45-975F-7CC77FACF146}.Release|Any CPU.ActiveCfg = Release|Any CPU
		{A9C3D21A-A8F4-4A45-975F-7CC77FACF146}.Release|Any CPU.Build.0 = Release|Any CPU
		{A9C3D21A-A8F4-4A45-975F-7CC77FACF146}.Release|Any CPU.Deploy.0 = Release|Any CPU
	EndGlobalSection
	GlobalSection(SolutionProperties) = preSolution
		HideSolutionNode = FALSE
	EndGlobalSection
	GlobalSection(ExtensibilityGlobals) = postSolution
		SolutionGuid = {75419DB6-DA6C-4D3C-AD77-9769CDE7FCEB}
	EndGlobalSection
EndGlobal
